// !$*UTF8*$!
{
	archiveVersion = 1;
	classes = {
	};
	objectVersion = 46;
	objects = {

/* Begin PBXBuildFile section */
		E67DDAF31A9C9ED5005FD091 /* main.m in Sources */ = {isa = PBXBuildFile; fileRef = E67DDAF21A9C9ED5005FD091 /* main.m */; };
		E67DDAF61A9C9ED5005FD091 /* AppDelegate.m in Sources */ = {isa = PBXBuildFile; fileRef = E67DDAF51A9C9ED5005FD091 /* AppDelegate.m */; };
		E67DDAF81A9C9ED5005FD091 /* Images.xcassets in Resources */ = {isa = PBXBuildFile; fileRef = E67DDAF71A9C9ED5005FD091 /* Images.xcassets */; };
		E67DDAFB1A9C9ED5005FD091 /* LaunchScreen.xib in Resources */ = {isa = PBXBuildFile; fileRef = E67DDAF91A9C9ED5005FD091 /* LaunchScreen.xib */; };
		E67DDB071A9C9ED5005FD091 /* CameraWithShareTests.m in Sources */ = {isa = PBXBuildFile; fileRef = E67DDB061A9C9ED5005FD091 /* CameraWithShareTests.m */; };
		E67DDB131A9C9EFD005FD091 /* RCRCameraViewController.m in Sources */ = {isa = PBXBuildFile; fileRef = E67DDB111A9C9EFD005FD091 /* RCRCameraViewController.m */; };
		E67DDB141A9C9EFD005FD091 /* RCRCameraViewController.xib in Resources */ = {isa = PBXBuildFile; fileRef = E67DDB121A9C9EFD005FD091 /* RCRCameraViewController.xib */; };
		E6E5CD501AA0D5D10065F427 /* MobileCoreServices.framework in Frameworks */ = {isa = PBXBuildFile; fileRef = E6E5CD4F1AA0D5D10065F427 /* MobileCoreServices.framework */; };
/* End PBXBuildFile section */

/* Begin PBXContainerItemProxy section */
		E67DDB011A9C9ED5005FD091 /* PBXContainerItemProxy */ = {
			isa = PBXContainerItemProxy;
			containerPortal = E67DDAE51A9C9ED5005FD091 /* Project object */;
			proxyType = 1;
			remoteGlobalIDString = E67DDAEC1A9C9ED5005FD091;
			remoteInfo = CameraWithShare;
		};
/* End PBXContainerItemProxy section */

/* Begin PBXFileReference section */
		E67DDAED1A9C9ED5005FD091 /* CameraWithShare.app */ = {isa = PBXFileReference; explicitFileType = wrapper.application; includeInIndex = 0; path = CameraWithShare.app; sourceTree = BUILT_PRODUCTS_DIR; };
		E67DDAF11A9C9ED5005FD091 /* Info.plist */ = {isa = PBXFileReference; lastKnownFileType = text.plist.xml; path = Info.plist; sourceTree = "<group>"; };
		E67DDAF21A9C9ED5005FD091 /* main.m */ = {isa = PBXFileReference; lastKnownFileType = sourcecode.c.objc; path = main.m; sourceTree = "<group>"; };
		E67DDAF41A9C9ED5005FD091 /* AppDelegate.h */ = {isa = PBXFileReference; lastKnownFileType = sourcecode.c.h; path = AppDelegate.h; sourceTree = "<group>"; };
		E67DDAF51A9C9ED5005FD091 /* AppDelegate.m */ = {isa = PBXFileReference; lastKnownFileType = sourcecode.c.objc; path = AppDelegate.m; sourceTree = "<group>"; };
		E67DDAF71A9C9ED5005FD091 /* Images.xcassets */ = {isa = PBXFileReference; lastKnownFileType = folder.assetcatalog; path = Images.xcassets; sourceTree = "<group>"; };
		E67DDAFA1A9C9ED5005FD091 /* Base */ = {isa = PBXFileReference; lastKnownFileType = file.xib; name = Base; path = Base.lproj/LaunchScreen.xib; sourceTree = "<group>"; };
		E67DDB001A9C9ED5005FD091 /* CameraWithShareTests.xctest */ = {isa = PBXFileReference; explicitFileType = wrapper.cfbundle; includeInIndex = 0; path = CameraWithShareTests.xctest; sourceTree = BUILT_PRODUCTS_DIR; };
		E67DDB051A9C9ED5005FD091 /* Info.plist */ = {isa = PBXFileReference; lastKnownFileType = text.plist.xml; path = Info.plist; sourceTree = "<group>"; };
		E67DDB061A9C9ED5005FD091 /* CameraWithShareTests.m */ = {isa = PBXFileReference; lastKnownFileType = sourcecode.c.objc; path = CameraWithShareTests.m; sourceTree = "<group>"; };
		E67DDB101A9C9EFD005FD091 /* RCRCameraViewController.h */ = {isa = PBXFileReference; fileEncoding = 4; lastKnownFileType = sourcecode.c.h; path = RCRCameraViewController.h; sourceTree = "<group>"; };
		E67DDB111A9C9EFD005FD091 /* RCRCameraViewController.m */ = {isa = PBXFileReference; fileEncoding = 4; lastKnownFileType = sourcecode.c.objc; path = RCRCameraViewController.m; sourceTree = "<group>"; };
		E67DDB121A9C9EFD005FD091 /* RCRCameraViewController.xib */ = {isa = PBXFileReference; fileEncoding = 4; lastKnownFileType = file.xib; path = RCRCameraViewController.xib; sourceTree = "<group>"; };
		E6E5CD4F1AA0D5D10065F427 /* MobileCoreServices.framework */ = {isa = PBXFileReference; lastKnownFileType = wrapper.framework; name = MobileCoreServices.framework; path = System/Library/Frameworks/MobileCoreServices.framework; sourceTree = SDKROOT; };
/* End PBXFileReference section */

/* Begin PBXFrameworksBuildPhase section */
		E67DDAEA1A9C9ED5005FD091 /* Frameworks */ = {
			isa = PBXFrameworksBuildPhase;
			buildActionMask = 2147483647;
			files = (
				E6E5CD501AA0D5D10065F427 /* MobileCoreServices.framework in Frameworks */,
			);
			runOnlyForDeploymentPostprocessing = 0;
		};
		E67DDAFD1A9C9ED5005FD091 /* Frameworks */ = {
			isa = PBXFrameworksBuildPhase;
			buildActionMask = 2147483647;
			files = (
			);
			runOnlyForDeploymentPostprocessing = 0;
		};
/* End PBXFrameworksBuildPhase section */

/* Begin PBXGroup section */
		E67DDAE41A9C9ED5005FD091 = {
			isa = PBXGroup;
			children = (
				E6E5CD4F1AA0D5D10065F427 /* MobileCoreServices.framework */,
				E67DDAEF1A9C9ED5005FD091 /* CameraWithShare */,
				E67DDB031A9C9ED5005FD091 /* CameraWithShareTests */,
				E67DDAEE1A9C9ED5005FD091 /* Products */,
			);
			sourceTree = "<group>";
		};
		E67DDAEE1A9C9ED5005FD091 /* Products */ = {
			isa = PBXGroup;
			children = (
				E67DDAED1A9C9ED5005FD091 /* CameraWithShare.app */,
				E67DDB001A9C9ED5005FD091 /* CameraWithShareTests.xctest */,
			);
			name = Products;
			sourceTree = "<group>";
		};
		E67DDAEF1A9C9ED5005FD091 /* CameraWithShare */ = {
			isa = PBXGroup;
			children = (
				E67DDAF41A9C9ED5005FD091 /* AppDelegate.h */,
				E67DDAF51A9C9ED5005FD091 /* AppDelegate.m */,
				E67DDAF71A9C9ED5005FD091 /* Images.xcassets */,
				E67DDAF91A9C9ED5005FD091 /* LaunchScreen.xib */,
				E67DDAF01A9C9ED5005FD091 /* Supporting Files */,
				E67DDB101A9C9EFD005FD091 /* RCRCameraViewController.h */,
				E67DDB111A9C9EFD005FD091 /* RCRCameraViewController.m */,
				E67DDB121A9C9EFD005FD091 /* RCRCameraViewController.xib */,
			);
			path = CameraWithShare;
			sourceTree = "<group>";
		};
		E67DDAF01A9C9ED5005FD091 /* Supporting Files */ = {
			isa = PBXGroup;
			children = (
				E67DDAF11A9C9ED5005FD091 /* Info.plist */,
				E67DDAF21A9C9ED5005FD091 /* main.m */,
			);
			name = "Supporting Files";
			sourceTree = "<group>";
		};
		E67DDB031A9C9ED5005FD091 /* CameraWithShareTests */ = {
			isa = PBXGroup;
			children = (
				E67DDB061A9C9ED5005FD091 /* CameraWithShareTests.m */,
				E67DDB041A9C9ED5005FD091 /* Supporting Files */,
			);
			path = CameraWithShareTests;
			sourceTree = "<group>";
		};
		E67DDB041A9C9ED5005FD091 /* Supporting Files */ = {
			isa = PBXGroup;
			children = (
				E67DDB051A9C9ED5005FD091 /* Info.plist */,
			);
			name = "Supporting Files";
			sourceTree = "<group>";
		};
/* End PBXGroup section */

/* Begin PBXNativeTarget section */
		E67DDAEC1A9C9ED5005FD091 /* CameraWithShare */ = {
			isa = PBXNativeTarget;
			buildConfigurationList = E67DDB0A1A9C9ED5005FD091 /* Build configuration list for PBXNativeTarget "CameraWithShare" */;
			buildPhases = (
				E67DDAE91A9C9ED5005FD091 /* Sources */,
				E67DDAEA1A9C9ED5005FD091 /* Frameworks */,
				E67DDAEB1A9C9ED5005FD091 /* Resources */,
			);
			buildRules = (
			);
			dependencies = (
			);
			name = CameraWithShare;
			productName = CameraWithShare;
			productReference = E67DDAED1A9C9ED5005FD091 /* CameraWithShare.app */;
			productType = "com.apple.product-type.application";
		};
		E67DDAFF1A9C9ED5005FD091 /* CameraWithShareTests */ = {
			isa = PBXNativeTarget;
			buildConfigurationList = E67DDB0D1A9C9ED5005FD091 /* Build configuration list for PBXNativeTarget "CameraWithShareTests" */;
			buildPhases = (
				E67DDAFC1A9C9ED5005FD091 /* Sources */,
				E67DDAFD1A9C9ED5005FD091 /* Frameworks */,
				E67DDAFE1A9C9ED5005FD091 /* Resources */,
			);
			buildRules = (
			);
			dependencies = (
				E67DDB021A9C9ED5005FD091 /* PBXTargetDependency */,
			);
			name = CameraWithShareTests;
			productName = CameraWithShareTests;
			productReference = E67DDB001A9C9ED5005FD091 /* CameraWithShareTests.xctest */;
			productType = "com.apple.product-type.bundle.unit-test";
		};
/* End PBXNativeTarget section */

/* Begin PBXProject section */
		E67DDAE51A9C9ED5005FD091 /* Project object */ = {
			isa = PBXProject;
			attributes = {
				CLASSPREFIX = RCR;
				LastUpgradeCheck = 0610;
				ORGANIZATIONNAME = "Ramón Carnero Rojo";
				TargetAttributes = {
					E67DDAEC1A9C9ED5005FD091 = {
						CreatedOnToolsVersion = 6.1.1;
					};
					E67DDAFF1A9C9ED5005FD091 = {
						CreatedOnToolsVersion = 6.1.1;
						TestTargetID = E67DDAEC1A9C9ED5005FD091;
					};
				};
			};
			buildConfigurationList = E67DDAE81A9C9ED5005FD091 /* Build configuration list for PBXProject "CameraWithShare" */;
			compatibilityVersion = "Xcode 3.2";
			developmentRegion = English;
			hasScannedForEncodings = 0;
			knownRegions = (
				en,
				Base,
			);
			mainGroup = E67DDAE41A9C9ED5005FD091;
			productRefGroup = E67DDAEE1A9C9ED5005FD091 /* Products */;
			projectDirPath = "";
			projectRoot = "";
			targets = (
				E67DDAEC1A9C9ED5005FD091 /* CameraWithShare */,
				E67DDAFF1A9C9ED5005FD091 /* CameraWithShareTests */,
			);
		};
/* End PBXProject section */

/* Begin PBXResourcesBuildPhase section */
		E67DDAEB1A9C9ED5005FD091 /* Resources */ = {
			isa = PBXResourcesBuildPhase;
			buildActionMask = 2147483647;
			files = (
				E67DDAFB1A9C9ED5005FD091 /* LaunchScreen.xib in Resources */,
				E67DDB141A9C9EFD005FD091 /* RCRCameraViewController.xib in Resources */,
				E67DDAF81A9C9ED5005FD091 /* Images.xcassets in Resources */,
			);
			runOnlyForDeploymentPostprocessing = 0;
		};
		E67DDAFE1A9C9ED5005FD091 /* Resources */ = {
			isa = PBXResourcesBuildPhase;
			buildActionMask = 2147483647;
			files = (
			);
			runOnlyForDeploymentPostprocessing = 0;
		};
/* End PBXResourcesBuildPhase section */

/* Begin PBXSourcesBuildPhase section */
		E67DDAE91A9C9ED5005FD091 /* Sources */ = {
			isa = PBXSourcesBuildPhase;
			buildActionMask = 2147483647;
			files = (
				E67DDB131A9C9EFD005FD091 /* RCRCameraViewController.m in Sources */,
				E67DDAF61A9C9ED5005FD091 /* AppDelegate.m in Sources */,
				E67DDAF31A9C9ED5005FD091 /* main.m in Sources */,
			);
			runOnlyForDeploymentPostprocessing = 0;
		};
		E67DDAFC1A9C9ED5005FD091 /* Sources */ = {
			isa = PBXSourcesBuildPhase;
			buildActionMask = 2147483647;
			files = (
				E67DDB071A9C9ED5005FD091 /* CameraWithShareTests.m in Sources */,
			);
			runOnlyForDeploymentPostprocessing = 0;
		};
/* End PBXSourcesBuildPhase section */

/* Begin PBXTargetDependency section */
		E67DDB021A9C9ED5005FD091 /* PBXTargetDependency */ = {
			isa = PBXTargetDependency;
			target = E67DDAEC1A9C9ED5005FD091 /* CameraWithShare */;
			targetProxy = E67DDB011A9C9ED5005FD091 /* PBXContainerItemProxy */;
		};
/* End PBXTargetDependency section */

/* Begin PBXVariantGroup section */
		E67DDAF91A9C9ED5005FD091 /* LaunchScreen.xib */ = {
			isa = PBXVariantGroup;
			children = (
				E67DDAFA1A9C9ED5005FD091 /* Base */,
			);
			name = LaunchScreen.xib;
			sourceTree = "<group>";
		};
/* End PBXVariantGroup section */

/* Begin XCBuildConfiguration section */
		E67DDB081A9C9ED5005FD091 /* Debug */ = {
			isa = XCBuildConfiguration;
			buildSettings = {
				ALWAYS_SEARCH_USER_PATHS = NO;
				CLANG_CXX_LANGUAGE_STANDARD = "gnu++0x";
				CLANG_CXX_LIBRARY = "libc++";
				CLANG_ENABLE_MODULES = YES;
				CLANG_ENABLE_OBJC_ARC = YES;
				CLANG_WARN_BOOL_CONVERSION = YES;
				CLANG_WARN_CONSTANT_CONVERSION = YES;
				CLANG_WARN_DIRECT_OBJC_ISA_USAGE = YES_ERROR;
				CLANG_WARN_EMPTY_BODY = YES;
				CLANG_WARN_ENUM_CONVERSION = YES;
				CLANG_WARN_INT_CONVERSION = YES;
				CLANG_WARN_OBJC_ROOT_CLASS = YES_ERROR;
				CLANG_WARN_UNREACHABLE_CODE = YES;
				CLANG_WARN__DUPLICATE_METHOD_MATCH = YES;
				"CODE_SIGN_IDENTITY[sdk=iphoneos*]" = "iPhone Developer";
				COPY_PHASE_STRIP = NO;
				ENABLE_STRICT_OBJC_MSGSEND = YES;
				GCC_C_LANGUAGE_STANDARD = gnu99;
				GCC_DYNAMIC_NO_PIC = NO;
				GCC_OPTIMIZATION_LEVEL = 0;
				GCC_PREPROCESSOR_DEFINITIONS = (
					"DEBUG=1",
					"$(inherited)",
				);
				GCC_SYMBOLS_PRIVATE_EXTERN = NO;
				GCC_WARN_64_TO_32_BIT_CONVERSION = YES;
				GCC_WARN_ABOUT_RETURN_TYPE = YES_ERROR;
				GCC_WARN_UNDECLARED_SELECTOR = YES;
				GCC_WARN_UNINITIALIZED_AUTOS = YES_AGGRESSIVE;
				GCC_WARN_UNUSED_FUNCTION = YES;
				GCC_WARN_UNUSED_VARIABLE = YES;
				IPHONEOS_DEPLOYMENT_TARGET = 8.1;
				MTL_ENABLE_DEBUG_INFO = YES;
				ONLY_ACTIVE_ARCH = YES;
				SDKROOT = iphoneos;
			};
			name = Debug;
		};
		E67DDB091A9C9ED5005FD091 /* Release */ = {
			isa = XCBuildConfiguration;
			buildSettings = {
				ALWAYS_SEARCH_USER_PATHS = NO;
				CLANG_CXX_LANGUAGE_STANDARD = "gnu++0x";
				CLANG_CXX_LIBRARY = "libc++";
				CLANG_ENABLE_MODULES = YES;
				CLANG_ENABLE_OBJC_ARC = YES;
				CLANG_WARN_BOOL_CONVERSION = YES;
				CLANG_WARN_CONSTANT_CONVERSION = YES;
				CLANG_WARN_DIRECT_OBJC_ISA_USAGE = YES_ERROR;
				CLANG_WARN_EMPTY_BODY = YES;
				CLANG_WARN_ENUM_CONVERSION = YES;
				CLANG_WARN_INT_CONVERSION = YES;
				CLANG_WARN_OBJC_ROOT_CLASS = YES_ERROR;
				CLANG_WARN_UNREACHABLE_CODE = YES;
				CLANG_WARN__DUPLICATE_METHOD_MATCH = YES;
				"CODE_SIGN_IDENTITY[sdk=iphoneos*]" = "iPhone Developer";
				COPY_PHASE_STRIP = YES;
				ENABLE_NS_ASSERTIONS = NO;
				ENABLE_STRICT_OBJC_MSGSEND = YES;
				GCC_C_LANGUAGE_STANDARD = gnu99;
				GCC_WARN_64_TO_32_BIT_CONVERSION = YES;
				GCC_WARN_ABOUT_RETURN_TYPE = YES_ERROR;
				GCC_WARN_UNDECLARED_SELECTOR = YES;
				GCC_WARN_UNINITIALIZED_AUTOS = YES_AGGRESSIVE;
				GCC_WARN_UNUSED_FUNCTION = YES;
				GCC_WARN_UNUSED_VARIABLE = YES;
				IPHONEOS_DEPLOYMENT_TARGET = 8.1;
				MTL_ENABLE_DEBUG_INFO = NO;
				SDKROOT = iphoneos;
				VALIDATE_PRODUCT = YES;
			};
			name = Release;
		};
		E67DDB0B1A9C9ED5005FD091 /* Debug */ = {
			isa = XCBuildConfiguration;
			buildSettings = {
				ASSETCATALOG_COMPILER_APPICON_NAME = AppIcon;
				INFOPLIST_FILE = CameraWithShare/Info.plist;
				LD_RUNPATH_SEARCH_PATHS = "$(inherited) @executable_path/Frameworks";
				PRODUCT_NAME = "$(TARGET_NAME)";
			};
			name = Debug;
		};
		E67DDB0C1A9C9ED5005FD091 /* Release */ = {
			isa = XCBuildConfiguration;
			buildSettings = {
				ASSETCATALOG_COMPILER_APPICON_NAME = AppIcon;
				INFOPLIST_FILE = CameraWithShare/Info.plist;
				LD_RUNPATH_SEARCH_PATHS = "$(inherited) @executable_path/Frameworks";
				PRODUCT_NAME = "$(TARGET_NAME)";
			};
			name = Release;
		};
		E67DDB0E1A9C9ED5005FD091 /* Debug */ = {
			isa = XCBuildConfiguration;
			buildSettings = {
				BUNDLE_LOADER = "$(TEST_HOST)";
				FRAMEWORK_SEARCH_PATHS = (
					"$(SDKROOT)/Developer/Library/Frameworks",
					"$(inherited)",
				);
				GCC_PREPROCESSOR_DEFINITIONS = (
					"DEBUG=1",
					"$(inherited)",
				);
				INFOPLIST_FILE = CameraWithShareTests/Info.plist;
				LD_RUNPATH_SEARCH_PATHS = "$(inherited) @executable_path/Frameworks @loader_path/Frameworks";
				PRODUCT_NAME = "$(TARGET_NAME)";
				TEST_HOST = "$(BUILT_PRODUCTS_DIR)/CameraWithShare.app/CameraWithShare";
			};
			name = Debug;
		};
		E67DDB0F1A9C9ED5005FD091 /* Release */ = {
			isa = XCBuildConfiguration;
			buildSettings = {
				BUNDLE_LOADER = "$(TEST_HOST)";
				FRAMEWORK_SEARCH_PATHS = (
					"$(SDKROOT)/Developer/Library/Frameworks",
					"$(inherited)",
				);
				INFOPLIST_FILE = CameraWithShareTests/Info.plist;
				LD_RUNPATH_SEARCH_PATHS = "$(inherited) @executable_path/Frameworks @loader_path/Frameworks";
				PRODUCT_NAME = "$(TARGET_NAME)";
				TEST_HOST = "$(BUILT_PRODUCTS_DIR)/CameraWithShare.app/CameraWithShare";
			};
			name = Release;
		};
/* End XCBuildConfiguration section */

/* Begin XCConfigurationList section */
		E67DDAE81A9C9ED5005FD091 /* Build configuration list for PBXProject "CameraWithShare" */ = {
			isa = XCConfigurationList;
			buildConfigurations = (
				E67DDB081A9C9ED5005FD091 /* Debug */,
				E67DDB091A9C9ED5005FD091 /* Release */,
			);
			defaultConfigurationIsVisible = 0;
			defaultConfigurationName = Release;
		};
		E67DDB0A1A9C9ED5005FD091 /* Build configuration list for PBXNativeTarget "CameraWithShare" */ = {
			isa = XCConfigurationList;
			buildConfigurations = (
				E67DDB0B1A9C9ED5005FD091 /* Debug */,
				E67DDB0C1A9C9ED5005FD091 /* Release */,
			);
			defaultConfigurationIsVisible = 0;
			defaultConfigurationName = Release;
		};
		E67DDB0D1A9C9ED5005FD091 /* Build configuration list for PBXNativeTarget "CameraWithShareTests" */ = {
			isa = XCConfigurationList;
			buildConfigurations = (
				E67DDB0E1A9C9ED5005FD091 /* Debug */,
				E67DDB0F1A9C9ED5005FD091 /* Release */,
			);
			defaultConfigurationIsVisible = 0;
			defaultConfigurationName = Release;
		};
/* End XCConfigurationList section */
	};
	rootObject = E67DDAE51A9C9ED5005FD091 /* Project object */;
}
